Microsoft Visual Studio Solution File, Format Version 12.00
# Visual Studio Version 17
VisualStudioVersion = 17.8.34322.80
MinimumVisualStudioVersion = 16.0.0.0
Project("{9A19103F-16F7-4668-BE54-9A1E7A4F7556}") = "FavoriteMoviesFall2024.Server", "Server\FavoriteMoviesFall2024.Server.csproj", "{A2FD1AB9-24D6-4671-807A-1AC0D5857463}"
EndProject
Project("{9A19103F-16F7-4668-BE54-9A1E7A4F7556}") = "FavoriteMoviesFall2024.Client", "Client\FavoriteMoviesFall2024.Client.csproj", "{2296D2BC-0456-4430-9D66-60ADD9DCA494}"
EndProject
Project("{9A19103F-16F7-4668-BE54-9A1E7A4F7556}") = "FavoriteMoviesFall2024.Shared", "Shared\FavoriteMoviesFall2024.Shared.csproj", "{B64326D8-7355-4540-8E48-0910F6A2F527}"
EndProject
Project("{FAE04EC0-301F-11D3-BF4B-00C04F79EFBC}") = "FavoriteMoviesFall2024.Client.Test", "FavoriteMoviesFall2024.Client.Test\FavoriteMoviesFall2024.Client.Test.csproj", "{68353376-4F39-4614-8DF5-9442646EAB11}"
EndProject
Global
	GlobalSection(SolutionConfigurationPlatforms) = preSolution
		Debug|Any CPU = Debug|Any CPU
		Debug|x64 = Debug|x64
		Debug|x86 = Debug|x86
		Release|Any CPU = Release|Any CPU
		Release|x64 = Release|x64
		Release|x86 = Release|x86
	EndGlobalSection
	GlobalSection(ProjectConfigurationPlatforms) = postSolution
		{A2FD1AB9-24D6-4671-807A-1AC0D5857463}.Debug|Any CPU.ActiveCfg = Debug|Any CPU
		{A2FD1AB9-24D6-4671-807A-1AC0D5857463}.Debug|Any CPU.Build.0 = Debug|Any CPU
		{A2FD1AB9-24D6-4671-807A-1AC0D5857463}.Debug|x64.ActiveCfg = Debug|Any CPU
		{A2FD1AB9-24D6-4671-807A-1AC0D5857463}.Debug|x64.Build.0 = Debug|Any CPU
		{A2FD1AB9-24D6-4671-807A-1AC0D5857463}.Debug|x86.ActiveCfg = Debug|Any CPU
		{A2FD1AB9-24D6-4671-807A-1AC0D5857463}.Debug|x86.Build.0 = Debug|Any CPU
		{A2FD1AB9-24D6-4671-807A-1AC0D5857463}.Release|Any CPU.ActiveCfg = Release|Any CPU
		{A2FD1AB9-24D6-4671-807A-1AC0D5857463}.Release|Any CPU.Build.0 = Release|Any CPU
		{A2FD1AB9-24D6-4671-807A-1AC0D5857463}.Release|x64.ActiveCfg = Release|Any CPU
		{A2FD1AB9-24D6-4671-807A-1AC0D5857463}.Release|x64.Build.0 = Release|Any CPU
		{A2FD1AB9-24D6-4671-807A-1AC0D5857463}.Release|x86.ActiveCfg = Release|Any CPU
		{A2FD1AB9-24D6-4671-807A-1AC0D5857463}.Release|x86.Build.0 = Release|Any CPU
		{2296D2BC-0456-4430-9D66-60ADD9DCA494}.Debug|Any CPU.ActiveCfg = Debug|Any CPU
		{2296D2BC-0456-4430-9D66-60ADD9DCA494}.Debug|Any CPU.Build.0 = Debug|Any CPU
		{2296D2BC-0456-4430-9D66-60ADD9DCA494}.Debug|x64.ActiveCfg = Debug|Any CPU
		{2296D2BC-0456-4430-9D66-60ADD9DCA494}.Debug|x64.Build.0 = Debug|Any CPU
		{2296D2BC-0456-4430-9D66-60ADD9DCA494}.Debug|x86.ActiveCfg = Debug|Any CPU
		{2296D2BC-0456-4430-9D66-60ADD9DCA494}.Debug|x86.Build.0 = Debug|Any CPU
		{2296D2BC-0456-4430-9D66-60ADD9DCA494}.Release|Any CPU.ActiveCfg = Release|Any CPU
		{2296D2BC-0456-4430-9D66-60ADD9DCA494}.Release|Any CPU.Build.0 = Release|Any CPU
		{2296D2BC-0456-4430-9D66-60ADD9DCA494}.Release|x64.ActiveCfg = Release|Any CPU
		{2296D2BC-0456-4430-9D66-60ADD9DCA494}.Release|x64.Build.0 = Release|Any CPU
		{2296D2BC-0456-4430-9D66-60ADD9DCA494}.Release|x86.ActiveCfg = Release|Any CPU
		{2296D2BC-0456-4430-9D66-60ADD9DCA494}.Release|x86.Build.0 = Release|Any CPU
		{B64326D8-7355-4540-8E48-0910F6A2F527}.Debug|Any CPU.ActiveCfg = Debug|Any CPU
		{B64326D8-7355-4540-8E48-0910F6A2F527}.Debug|Any CPU.Build.0 = Debug|Any CPU
		{B64326D8-7355-4540-8E48-0910F6A2F527}.Debug|x64.ActiveCfg = Debug|Any CPU
		{B64326D8-7355-4540-8E48-0910F6A2F527}.Debug|x64.Build.0 = Debug|Any CPU
		{B64326D8-7355-4540-8E48-0910F6A2F527}.Debug|x86.ActiveCfg = Debug|Any CPU
		{B64326D8-7355-4540-8E48-0910F6A2F527}.Debug|x86.Build.0 = Debug|Any CPU
		{B64326D8-7355-4540-8E48-0910F6A2F527}.Release|Any CPU.ActiveCfg = Release|Any CPU
		{B64326D8-7355-4540-8E48-0910F6A2F527}.Release|Any CPU.Build.0 = Release|Any CPU
		{B64326D8-7355-4540-8E48-0910F6A2F527}.Release|x64.ActiveCfg = Release|Any CPU
		{B64326D8-7355-4540-8E48-0910F6A2F527}.Release|x64.Build.0 = Release|Any CPU
		{B64326D8-7355-4540-8E48-0910F6A2F527}.Release|x86.ActiveCfg = Release|Any CPU
		{B64326D8-7355-4540-8E48-0910F6A2F527}.Release|x86.Build.0 = Release|Any CPU
		{68353376-4F39-4614-8DF5-9442646EAB11}.Debug|Any CPU.ActiveCfg = Debug|Any CPU
		{68353376-4F39-4614-8DF5-9442646EAB11}.Debug|Any CPU.Build.0 = Debug|Any CPU
		{68353376-4F39-4614-8DF5-9442646EAB11}.Debug|x64.ActiveCfg = Debug|Any CPU
		{68353376-4F39-4614-8DF5-9442646EAB11}.Debug|x64.Build.0 = Debug|Any CPU
		{68353376-4F39-4614-8DF5-9442646EAB11}.Debug|x86.ActiveCfg = Debug|Any CPU
		{68353376-4F39-4614-8DF5-9442646EAB11}.Debug|x86.Build.0 = Debug|Any CPU
		{68353376-4F39-4614-8DF5-9442646EAB11}.Release|Any CPU.ActiveCfg = Release|Any CPU
		{68353376-4F39-4614-8DF5-9442646EAB11}.Release|Any CPU.Build.0 = Release|Any CPU
		{68353376-4F39-4614-8DF5-9442646EAB11}.Release|x64.ActiveCfg = Release|Any CPU
		{68353376-4F39-4614-8DF5-9442646EAB11}.Release|x64.Build.0 = Release|Any CPU
		{68353376-4F39-4614-8DF5-9442646EAB11}.Release|x86.ActiveCfg = Release|Any CPU
		{68353376-4F39-4614-8DF5-9442646EAB11}.Release|x86.Build.0 = Release|Any CPU
	EndGlobalSection
	GlobalSection(SolutionProperties) = preSolution
		HideSolutionNode = FALSE
	EndGlobalSection
	GlobalSection(ExtensibilityGlobals) = postSolution
		SolutionGuid = {8C9D9A4E-7330-4784-BE9E-F0517E7C8B6E}
	EndGlobalSection
EndGlobal
